{
  "name": "code-exercise",
  "version": "1.0.0",
  "lockfileVersion": 2,
  "requires": true,
  "packages": {
    "": {
      "name": "code-exercise",
      "version": "1.0.0",
      "license": "MIT",
      "dependencies": {
        "canned": "^0.3.3"
      }
    },
    "node_modules/canned": {
      "version": "0.3.3",
      "resolved": "https://registry.npmjs.org/canned/-/canned-0.3.3.tgz",
      "integrity": "sha512-n+fV7u4snlOIJkwKKjJ+Y5TYpxHIGe1CnTvcwqjrrvi+IHR8SVg7bMYxDF1aV2JPnpA+U5INGHCOd0bMw3qn7g==",
      "dependencies": {
        "optimist": "~0.3.7"
      },
      "bin": {
        "canned": "bin/canned"
      },
      "engines": {
        "node": ">=0.10.3"
      }
    },
    "node_modules/optimist": {
      "version": "0.3.7",
      "resolved": "https://registry.npmjs.org/optimist/-/optimist-0.3.7.tgz",
      "integrity": "sha512-TCx0dXQzVtSCg2OgY/bO9hjM9cV4XYx09TVK+s3+FhkjT6LovsLe+pPMzpWf+6yXK/hUizs2gUoTw3jHM0VaTQ==",
      "dependencies": {
        "wordwrap": "~0.0.2"
      }
    },
    "node_modules/wordwrap": {
      "version": "0.0.3",
      "resolved": "https://registry.npmjs.org/wordwrap/-/wordwrap-0.0.3.tgz",
      "integrity": "sha512-1tMA907+V4QmxV7dbRvb4/8MaRALK6q9Abid3ndMYnbyo8piisCmeONVqVSXqQA3KaP4SLt5b7ud6E2sqP8TFw==",
      "engines": {
        "node": ">=0.4.0"
      }
    }
  },
  "dependencies": {
    "canned": {
      "version": "0.3.3",
      "resolved": "https://registry.npmjs.org/canned/-/canned-0.3.3.tgz",
      "integrity": "sha512-n+fV7u4snlOIJkwKKjJ+Y5TYpxHIGe1CnTvcwqjrrvi+IHR8SVg7bMYxDF1aV2JPnpA+U5INGHCOd0bMw3qn7g==",
      "requires": {
        "optimist": "~0.3.7"
      }
    },
    "optimist": {
      "version": "0.3.7",
      "resolved": "https://registry.npmjs.org/optimist/-/optimist-0.3.7.tgz",
      "integrity": "sha512-TCx0dXQzVtSCg2OgY/bO9hjM9cV4XYx09TVK+s3+FhkjT6LovsLe+pPMzpWf+6yXK/hUizs2gUoTw3jHM0VaTQ==",
      "requires": {
        "wordwrap": "~0.0.2"
      }
    },
    "wordwrap": {
      "version": "0.0.3",
      "resolved": "https://registry.npmjs.org/wordwrap/-/wordwrap-0.0.3.tgz",
      "integrity": "sha512-1tMA907+V4QmxV7dbRvb4/8MaRALK6q9Abid3ndMYnbyo8piisCmeONVqVSXqQA3KaP4SLt5b7ud6E2sqP8TFw=="
    }
  }
}
